
Microsoft Visual Studio Solution File, Format Version 12.00
# Visual Studio Version 17
VisualStudioVersion = 17.2.32516.85
MinimumVisualStudioVersion = 10.0.40219.1
Project("{FAE04EC0-301F-11D3-BF4B-00C04F79EFBC}") = "escolaNc", "escolaNc\escolaNc.csproj", "{AC9674D2-5B0D-4892-BA1E-D67A9F6DA940}"
EndProject
Global
	GlobalSection(SolutionConfigurationPlatforms) = preSolution
		Debug|Any CPU = Debug|Any CPU
		Release|Any CPU = Release|Any CPU
	EndGlobalSection
	GlobalSection(ProjectConfigurationPlatforms) = postSolution
		{AC9674D2-5B0D-4892-BA1E-D67A9F6DA940}.Debug|Any CPU.ActiveCfg = Debug|Any CPU
		{AC9674D2-5B0D-4892-BA1E-D67A9F6DA940}.Debug|Any CPU.Build.0 = Debug|Any CPU
		{AC9674D2-5B0D-4892-BA1E-D67A9F6DA940}.Release|Any CPU.ActiveCfg = Release|Any CPU
		{AC9674D2-5B0D-4892-BA1E-D67A9F6DA940}.Release|Any CPU.Build.0 = Release|Any CPU
	EndGlobalSection
	GlobalSection(SolutionProperties) = preSolution
		HideSolutionNode = FALSE
	EndGlobalSection
	GlobalSection(ExtensibilityGlobals) = postSolution
		SolutionGuid = {B356B0AD-AA68-4B97-81C8-EAA517FA933A}
	EndGlobalSection
EndGlobal
