
Microsoft Visual Studio Solution File, Format Version 12.00
# Visual Studio Version 16
VisualStudioVersion = 16.0.31515.178
MinimumVisualStudioVersion = 10.0.40219.1
Project("{FAE04EC0-301F-11D3-BF4B-00C04F79EFBC}") = "escolaNc", "escolaNc\escolaNc.csproj", "{20E623FD-063D-4CDE-B050-F17586DC23C8}"
EndProject
Global
	GlobalSection(SolutionConfigurationPlatforms) = preSolution
		Debug|Any CPU = Debug|Any CPU
		Release|Any CPU = Release|Any CPU
	EndGlobalSection
	GlobalSection(ProjectConfigurationPlatforms) = postSolution
		{20E623FD-063D-4CDE-B050-F17586DC23C8}.Debug|Any CPU.ActiveCfg = Debug|Any CPU
		{20E623FD-063D-4CDE-B050-F17586DC23C8}.Debug|Any CPU.Build.0 = Debug|Any CPU
		{20E623FD-063D-4CDE-B050-F17586DC23C8}.Release|Any CPU.ActiveCfg = Release|Any CPU
		{20E623FD-063D-4CDE-B050-F17586DC23C8}.Release|Any CPU.Build.0 = Release|Any CPU
	EndGlobalSection
	GlobalSection(SolutionProperties) = preSolution
		HideSolutionNode = FALSE
	EndGlobalSection
	GlobalSection(ExtensibilityGlobals) = postSolution
		SolutionGuid = {A89F719B-545A-4331-AE41-B61091F30847}
	EndGlobalSection
EndGlobal
